// !$*UTF8*$!
{
	archiveVersion = 1;
	classes = {
	};
	objectVersion = 46;
	objects = {

/* Begin PBXBuildFile section */
		BD6F96531C900F7D000B9AB7 /* main.m in Sources */ = {isa = PBXBuildFile; fileRef = BD6F96521C900F7D000B9AB7 /* main.m */; };
		BD6F96561C900F7D000B9AB7 /* AppDelegate.m in Sources */ = {isa = PBXBuildFile; fileRef = BD6F96551C900F7D000B9AB7 /* AppDelegate.m */; };
		BD6F96591C900F7D000B9AB7 /* ViewController.m in Sources */ = {isa = PBXBuildFile; fileRef = BD6F96581C900F7D000B9AB7 /* ViewController.m */; };
		BD6F965C1C900F7D000B9AB7 /* Main.storyboard in Resources */ = {isa = PBXBuildFile; fileRef = BD6F965A1C900F7D000B9AB7 /* Main.storyboard */; };
		BD6F965E1C900F7D000B9AB7 /* Assets.xcassets in Resources */ = {isa = PBXBuildFile; fileRef = BD6F965D1C900F7D000B9AB7 /* Assets.xcassets */; };
		BD6F96611C900F7D000B9AB7 /* LaunchScreen.storyboard in Resources */ = {isa = PBXBuildFile; fileRef = BD6F965F1C900F7D000B9AB7 /* LaunchScreen.storyboard */; };
		BD6F966C1C900F7D000B9AB7 /* ScrollToSeeDetailTests.m in Sources */ = {isa = PBXBuildFile; fileRef = BD6F966B1C900F7D000B9AB7 /* ScrollToSeeDetailTests.m */; };
		BD6F967C1C901029000B9AB7 /* banner1@2x.png in Resources */ = {isa = PBXBuildFile; fileRef = BD6F96771C901029000B9AB7 /* banner1@2x.png */; };
		BD6F967D1C901029000B9AB7 /* banner2@2x.png in Resources */ = {isa = PBXBuildFile; fileRef = BD6F96781C901029000B9AB7 /* banner2@2x.png */; };
		BD6F967E1C901029000B9AB7 /* banner3@2x.png in Resources */ = {isa = PBXBuildFile; fileRef = BD6F96791C901029000B9AB7 /* banner3@2x.png */; };
		BD6F967F1C901029000B9AB7 /* banner4@2x.png in Resources */ = {isa = PBXBuildFile; fileRef = BD6F967A1C901029000B9AB7 /* banner4@2x.png */; };
		BD6F96801C901029000B9AB7 /* banner5@2x.png in Resources */ = {isa = PBXBuildFile; fileRef = BD6F967B1C901029000B9AB7 /* banner5@2x.png */; };
		BD6F96861C901BF5000B9AB7 /* DBSeeDetailScrollView.m in Sources */ = {isa = PBXBuildFile; fileRef = BD6F96851C901BF5000B9AB7 /* DBSeeDetailScrollView.m */; };
		BD6F96A91C90209B000B9AB7 /* MKAnnotationView+WebCache.m in Sources */ = {isa = PBXBuildFile; fileRef = BD6F96891C90209B000B9AB7 /* MKAnnotationView+WebCache.m */; };
		BD6F96AA1C90209B000B9AB7 /* NSData+ImageContentType.m in Sources */ = {isa = PBXBuildFile; fileRef = BD6F968B1C90209B000B9AB7 /* NSData+ImageContentType.m */; };
		BD6F96AB1C90209B000B9AB7 /* SDImageCache.m in Sources */ = {isa = PBXBuildFile; fileRef = BD6F968D1C90209B000B9AB7 /* SDImageCache.m */; };
		BD6F96AC1C90209B000B9AB7 /* SDWebImageCompat.m in Sources */ = {isa = PBXBuildFile; fileRef = BD6F968F1C90209B000B9AB7 /* SDWebImageCompat.m */; };
		BD6F96AD1C90209B000B9AB7 /* SDWebImageDecoder.m in Sources */ = {isa = PBXBuildFile; fileRef = BD6F96911C90209B000B9AB7 /* SDWebImageDecoder.m */; };
		BD6F96AE1C90209B000B9AB7 /* SDWebImageDownloader.m in Sources */ = {isa = PBXBuildFile; fileRef = BD6F96931C90209B000B9AB7 /* SDWebImageDownloader.m */; };
		BD6F96AF1C90209B000B9AB7 /* SDWebImageDownloaderOperation.m in Sources */ = {isa = PBXBuildFile; fileRef = BD6F96951C90209B000B9AB7 /* SDWebImageDownloaderOperation.m */; };
		BD6F96B01C90209B000B9AB7 /* SDWebImageManager.m in Sources */ = {isa = PBXBuildFile; fileRef = BD6F96971C90209B000B9AB7 /* SDWebImageManager.m */; };
		BD6F96B11C90209B000B9AB7 /* SDWebImagePrefetcher.m in Sources */ = {isa = PBXBuildFile; fileRef = BD6F969A1C90209B000B9AB7 /* SDWebImagePrefetcher.m */; };
		BD6F96B21C90209B000B9AB7 /* UIButton+WebCache.m in Sources */ = {isa = PBXBuildFile; fileRef = BD6F969C1C90209B000B9AB7 /* UIButton+WebCache.m */; };
		BD6F96B31C90209B000B9AB7 /* UIImage+GIF.m in Sources */ = {isa = PBXBuildFile; fileRef = BD6F969E1C90209B000B9AB7 /* UIImage+GIF.m */; };
		BD6F96B41C90209B000B9AB7 /* UIImage+MultiFormat.m in Sources */ = {isa = PBXBuildFile; fileRef = BD6F96A01C90209B000B9AB7 /* UIImage+MultiFormat.m */; };
		BD6F96B51C90209B000B9AB7 /* UIImage+WebP.m in Sources */ = {isa = PBXBuildFile; fileRef = BD6F96A21C90209B000B9AB7 /* UIImage+WebP.m */; };
		BD6F96B61C90209B000B9AB7 /* UIImageView+HighlightedWebCache.m in Sources */ = {isa = PBXBuildFile; fileRef = BD6F96A41C90209B000B9AB7 /* UIImageView+HighlightedWebCache.m */; };
		BD6F96B71C90209B000B9AB7 /* UIImageView+WebCache.m in Sources */ = {isa = PBXBuildFile; fileRef = BD6F96A61C90209B000B9AB7 /* UIImageView+WebCache.m */; };
		BD6F96B81C90209B000B9AB7 /* UIView+WebCacheOperation.m in Sources */ = {isa = PBXBuildFile; fileRef = BD6F96A81C90209B000B9AB7 /* UIView+WebCacheOperation.m */; };
		BD6F96BA1C902EB4000B9AB7 /* db_see_detail_swipe_arrow@2x.png in Resources */ = {isa = PBXBuildFile; fileRef = BD6F96B91C902EB4000B9AB7 /* db_see_detail_swipe_arrow@2x.png */; };
/* End PBXBuildFile section */

/* Begin PBXContainerItemProxy section */
		BD6F96681C900F7D000B9AB7 /* PBXContainerItemProxy */ = {
			isa = PBXContainerItemProxy;
			containerPortal = BD6F96461C900F7D000B9AB7 /* Project object */;
			proxyType = 1;
			remoteGlobalIDString = BD6F964D1C900F7D000B9AB7;
			remoteInfo = ScrollToSeeDetail;
		};
/* End PBXContainerItemProxy section */

/* Begin PBXFileReference section */
		BD6F964E1C900F7D000B9AB7 /* ScrollToSeeDetail.app */ = {isa = PBXFileReference; explicitFileType = wrapper.application; includeInIndex = 0; path = ScrollToSeeDetail.app; sourceTree = BUILT_PRODUCTS_DIR; };
		BD6F96521C900F7D000B9AB7 /* main.m */ = {isa = PBXFileReference; lastKnownFileType = sourcecode.c.objc; path = main.m; sourceTree = "<group>"; };
		BD6F96541C900F7D000B9AB7 /* AppDelegate.h */ = {isa = PBXFileReference; lastKnownFileType = sourcecode.c.h; path = AppDelegate.h; sourceTree = "<group>"; };
		BD6F96551C900F7D000B9AB7 /* AppDelegate.m */ = {isa = PBXFileReference; lastKnownFileType = sourcecode.c.objc; path = AppDelegate.m; sourceTree = "<group>"; };
		BD6F96571C900F7D000B9AB7 /* ViewController.h */ = {isa = PBXFileReference; lastKnownFileType = sourcecode.c.h; path = ViewController.h; sourceTree = "<group>"; };
		BD6F96581C900F7D000B9AB7 /* ViewController.m */ = {isa = PBXFileReference; lastKnownFileType = sourcecode.c.objc; path = ViewController.m; sourceTree = "<group>"; };
		BD6F965B1C900F7D000B9AB7 /* Base */ = {isa = PBXFileReference; lastKnownFileType = file.storyboard; name = Base; path = Base.lproj/Main.storyboard; sourceTree = "<group>"; };
		BD6F965D1C900F7D000B9AB7 /* Assets.xcassets */ = {isa = PBXFileReference; lastKnownFileType = folder.assetcatalog; path = Assets.xcassets; sourceTree = "<group>"; };
		BD6F96601C900F7D000B9AB7 /* Base */ = {isa = PBXFileReference; lastKnownFileType = file.storyboard; name = Base; path = Base.lproj/LaunchScreen.storyboard; sourceTree = "<group>"; };
		BD6F96621C900F7D000B9AB7 /* Info.plist */ = {isa = PBXFileReference; lastKnownFileType = text.plist.xml; path = Info.plist; sourceTree = "<group>"; };
		BD6F96671C900F7D000B9AB7 /* ScrollToSeeDetailTests.xctest */ = {isa = PBXFileReference; explicitFileType = wrapper.cfbundle; includeInIndex = 0; path = ScrollToSeeDetailTests.xctest; sourceTree = BUILT_PRODUCTS_DIR; };
		BD6F966B1C900F7D000B9AB7 /* ScrollToSeeDetailTests.m */ = {isa = PBXFileReference; lastKnownFileType = sourcecode.c.objc; path = ScrollToSeeDetailTests.m; sourceTree = "<group>"; };
		BD6F966D1C900F7D000B9AB7 /* Info.plist */ = {isa = PBXFileReference; lastKnownFileType = text.plist.xml; path = Info.plist; sourceTree = "<group>"; };
		BD6F96771C901029000B9AB7 /* banner1@2x.png */ = {isa = PBXFileReference; lastKnownFileType = image.png; path = "banner1@2x.png"; sourceTree = "<group>"; };
		BD6F96781C901029000B9AB7 /* banner2@2x.png */ = {isa = PBXFileReference; lastKnownFileType = image.png; path = "banner2@2x.png"; sourceTree = "<group>"; };
		BD6F96791C901029000B9AB7 /* banner3@2x.png */ = {isa = PBXFileReference; lastKnownFileType = image.png; path = "banner3@2x.png"; sourceTree = "<group>"; };
		BD6F967A1C901029000B9AB7 /* banner4@2x.png */ = {isa = PBXFileReference; lastKnownFileType = image.png; path = "banner4@2x.png"; sourceTree = "<group>"; };
		BD6F967B1C901029000B9AB7 /* banner5@2x.png */ = {isa = PBXFileReference; lastKnownFileType = image.png; path = "banner5@2x.png"; sourceTree = "<group>"; };
		BD6F96841C901BF5000B9AB7 /* DBSeeDetailScrollView.h */ = {isa = PBXFileReference; fileEncoding = 4; lastKnownFileType = sourcecode.c.h; path = DBSeeDetailScrollView.h; sourceTree = "<group>"; };
		BD6F96851C901BF5000B9AB7 /* DBSeeDetailScrollView.m */ = {isa = PBXFileReference; fileEncoding = 4; lastKnownFileType = sourcecode.c.objc; path = DBSeeDetailScrollView.m; sourceTree = "<group>"; };
		BD6F96881C90209B000B9AB7 /* MKAnnotationView+WebCache.h */ = {isa = PBXFileReference; fileEncoding = 4; lastKnownFileType = sourcecode.c.h; path = "MKAnnotationView+WebCache.h"; sourceTree = "<group>"; };
		BD6F96891C90209B000B9AB7 /* MKAnnotationView+WebCache.m */ = {isa = PBXFileReference; fileEncoding = 4; lastKnownFileType = sourcecode.c.objc; path = "MKAnnotationView+WebCache.m"; sourceTree = "<group>"; };
		BD6F968A1C90209B000B9AB7 /* NSData+ImageContentType.h */ = {isa = PBXFileReference; fileEncoding = 4; lastKnownFileType = sourcecode.c.h; path = "NSData+ImageContentType.h"; sourceTree = "<group>"; };
		BD6F968B1C90209B000B9AB7 /* NSData+ImageContentType.m */ = {isa = PBXFileReference; fileEncoding = 4; lastKnownFileType = sourcecode.c.objc; path = "NSData+ImageContentType.m"; sourceTree = "<group>"; };
		BD6F968C1C90209B000B9AB7 /* SDImageCache.h */ = {isa = PBXFileReference; fileEncoding = 4; lastKnownFileType = sourcecode.c.h; path = SDImageCache.h; sourceTree = "<group>"; };
		BD6F968D1C90209B000B9AB7 /* SDImageCache.m */ = {isa = PBXFileReference; fileEncoding = 4; lastKnownFileType = sourcecode.c.objc; path = SDImageCache.m; sourceTree = "<group>"; };
		BD6F968E1C90209B000B9AB7 /* SDWebImageCompat.h */ = {isa = PBXFileReference; fileEncoding = 4; lastKnownFileType = sourcecode.c.h; path = SDWebImageCompat.h; sourceTree = "<group>"; };
		BD6F968F1C90209B000B9AB7 /* SDWebImageCompat.m */ = {isa = PBXFileReference; fileEncoding = 4; lastKnownFileType = sourcecode.c.objc; path = SDWebImageCompat.m; sourceTree = "<group>"; };
		BD6F96901C90209B000B9AB7 /* SDWebImageDecoder.h */ = {isa = PBXFileReference; fileEncoding = 4; lastKnownFileType = sourcecode.c.h; path = SDWebImageDecoder.h; sourceTree = "<group>"; };
		BD6F96911C90209B000B9AB7 /* SDWebImageDecoder.m */ = {isa = PBXFileReference; fileEncoding = 4; lastKnownFileType = sourcecode.c.objc; path = SDWebImageDecoder.m; sourceTree = "<group>"; };
		BD6F96921C90209B000B9AB7 /* SDWebImageDownloader.h */ = {isa = PBXFileReference; fileEncoding = 4; lastKnownFileType = sourcecode.c.h; path = SDWebImageDownloader.h; sourceTree = "<group>"; };
		BD6F96931C90209B000B9AB7 /* SDWebImageDownloader.m */ = {isa = PBXFileReference; fileEncoding = 4; lastKnownFileType = sourcecode.c.objc; path = SDWebImageDownloader.m; sourceTree = "<group>"; };
		BD6F96941C90209B000B9AB7 /* SDWebImageDownloaderOperation.h */ = {isa = PBXFileReference; fileEncoding = 4; lastKnownFileType = sourcecode.c.h; path = SDWebImageDownloaderOperation.h; sourceTree = "<group>"; };
		BD6F96951C90209B000B9AB7 /* SDWebImageDownloaderOperation.m */ = {isa = PBXFileReference; fileEncoding = 4; lastKnownFileType = sourcecode.c.objc; path = SDWebImageDownloaderOperation.m; sourceTree = "<group>"; };
		BD6F96961C90209B000B9AB7 /* SDWebImageManager.h */ = {isa = PBXFileReference; fileEncoding = 4; lastKnownFileType = sourcecode.c.h; path = SDWebImageManager.h; sourceTree = "<group>"; };
		BD6F96971C90209B000B9AB7 /* SDWebImageManager.m */ = {isa = PBXFileReference; fileEncoding = 4; lastKnownFileType = sourcecode.c.objc; path = SDWebImageManager.m; sourceTree = "<group>"; };
		BD6F96981C90209B000B9AB7 /* SDWebImageOperation.h */ = {isa = PBXFileReference; fileEncoding = 4; lastKnownFileType = sourcecode.c.h; path = SDWebImageOperation.h; sourceTree = "<group>"; };
		BD6F96991C90209B000B9AB7 /* SDWebImagePrefetcher.h */ = {isa = PBXFileReference; fileEncoding = 4; lastKnownFileType = sourcecode.c.h; path = SDWebImagePrefetcher.h; sourceTree = "<group>"; };
		BD6F969A1C90209B000B9AB7 /* SDWebImagePrefetcher.m */ = {isa = PBXFileReference; fileEncoding = 4; lastKnownFileType = sourcecode.c.objc; path = SDWebImagePrefetcher.m; sourceTree = "<group>"; };
		BD6F969B1C90209B000B9AB7 /* UIButton+WebCache.h */ = {isa = PBXFileReference; fileEncoding = 4; lastKnownFileType = sourcecode.c.h; path = "UIButton+WebCache.h"; sourceTree = "<group>"; };
		BD6F969C1C90209B000B9AB7 /* UIButton+WebCache.m */ = {isa = PBXFileReference; fileEncoding = 4; lastKnownFileType = sourcecode.c.objc; path = "UIButton+WebCache.m"; sourceTree = "<group>"; };
		BD6F969D1C90209B000B9AB7 /* UIImage+GIF.h */ = {isa = PBXFileReference; fileEncoding = 4; lastKnownFileType = sourcecode.c.h; path = "UIImage+GIF.h"; sourceTree = "<group>"; };
		BD6F969E1C90209B000B9AB7 /* UIImage+GIF.m */ = {isa = PBXFileReference; fileEncoding = 4; lastKnownFileType = sourcecode.c.objc; path = "UIImage+GIF.m"; sourceTree = "<group>"; };
		BD6F969F1C90209B000B9AB7 /* UIImage+MultiFormat.h */ = {isa = PBXFileReference; fileEncoding = 4; lastKnownFileType = sourcecode.c.h; path = "UIImage+MultiFormat.h"; sourceTree = "<group>"; };
		BD6F96A01C90209B000B9AB7 /* UIImage+MultiFormat.m */ = {isa = PBXFileReference; fileEncoding = 4; lastKnownFileType = sourcecode.c.objc; path = "UIImage+MultiFormat.m"; sourceTree = "<group>"; };
		BD6F96A11C90209B000B9AB7 /* UIImage+WebP.h */ = {isa = PBXFileReference; fileEncoding = 4; lastKnownFileType = sourcecode.c.h; path = "UIImage+WebP.h"; sourceTree = "<group>"; };
		BD6F96A21C90209B000B9AB7 /* UIImage+WebP.m */ = {isa = PBXFileReference; fileEncoding = 4; lastKnownFileType = sourcecode.c.objc; path = "UIImage+WebP.m"; sourceTree = "<group>"; };
		BD6F96A31C90209B000B9AB7 /* UIImageView+HighlightedWebCache.h */ = {isa = PBXFileReference; fileEncoding = 4; lastKnownFileType = sourcecode.c.h; path = "UIImageView+HighlightedWebCache.h"; sourceTree = "<group>"; };
		BD6F96A41C90209B000B9AB7 /* UIImageView+HighlightedWebCache.m */ = {isa = PBXFileReference; fileEncoding = 4; lastKnownFileType = sourcecode.c.objc; path = "UIImageView+HighlightedWebCache.m"; sourceTree = "<group>"; };
		BD6F96A51C90209B000B9AB7 /* UIImageView+WebCache.h */ = {isa = PBXFileReference; fileEncoding = 4; lastKnownFileType = sourcecode.c.h; path = "UIImageView+WebCache.h"; sourceTree = "<group>"; };
		BD6F96A61C90209B000B9AB7 /* UIImageView+WebCache.m */ = {isa = PBXFileReference; fileEncoding = 4; lastKnownFileType = sourcecode.c.objc; path = "UIImageView+WebCache.m"; sourceTree = "<group>"; };
		BD6F96A71C90209B000B9AB7 /* UIView+WebCacheOperation.h */ = {isa = PBXFileReference; fileEncoding = 4; lastKnownFileType = sourcecode.c.h; path = "UIView+WebCacheOperation.h"; sourceTree = "<group>"; };
		BD6F96A81C90209B000B9AB7 /* UIView+WebCacheOperation.m */ = {isa = PBXFileReference; fileEncoding = 4; lastKnownFileType = sourcecode.c.objc; path = "UIView+WebCacheOperation.m"; sourceTree = "<group>"; };
		BD6F96B91C902EB4000B9AB7 /* db_see_detail_swipe_arrow@2x.png */ = {isa = PBXFileReference; lastKnownFileType = image.png; path = "db_see_detail_swipe_arrow@2x.png"; sourceTree = "<group>"; };
/* End PBXFileReference section */

/* Begin PBXFrameworksBuildPhase section */
		BD6F964B1C900F7D000B9AB7 /* Frameworks */ = {
			isa = PBXFrameworksBuildPhase;
			buildActionMask = 2147483647;
			files = (
			);
			runOnlyForDeploymentPostprocessing = 0;
		};
		BD6F96641C900F7D000B9AB7 /* Frameworks */ = {
			isa = PBXFrameworksBuildPhase;
			buildActionMask = 2147483647;
			files = (
			);
			runOnlyForDeploymentPostprocessing = 0;
		};
/* End PBXFrameworksBuildPhase section */

/* Begin PBXGroup section */
		BD6F96451C900F7D000B9AB7 = {
			isa = PBXGroup;
			children = (
				BD6F96501C900F7D000B9AB7 /* ScrollToSeeDetail */,
				BD6F966A1C900F7D000B9AB7 /* ScrollToSeeDetailTests */,
				BD6F964F1C900F7D000B9AB7 /* Products */,
			);
			sourceTree = "<group>";
		};
		BD6F964F1C900F7D000B9AB7 /* Products */ = {
			isa = PBXGroup;
			children = (
				BD6F964E1C900F7D000B9AB7 /* ScrollToSeeDetail.app */,
				BD6F96671C900F7D000B9AB7 /* ScrollToSeeDetailTests.xctest */,
			);
			name = Products;
			sourceTree = "<group>";
		};
		BD6F96501C900F7D000B9AB7 /* ScrollToSeeDetail */ = {
			isa = PBXGroup;
			children = (
				BD6F96871C90209B000B9AB7 /* SDWebImage */,
				BD6F96831C901BBE000B9AB7 /* DBSeeDetailScrollView */,
				BD6F96761C901029000B9AB7 /* 广告条 */,
				BD6F96541C900F7D000B9AB7 /* AppDelegate.h */,
				BD6F96551C900F7D000B9AB7 /* AppDelegate.m */,
				BD6F96571C900F7D000B9AB7 /* ViewController.h */,
				BD6F96581C900F7D000B9AB7 /* ViewController.m */,
				BD6F965A1C900F7D000B9AB7 /* Main.storyboard */,
				BD6F965D1C900F7D000B9AB7 /* Assets.xcassets */,
				BD6F965F1C900F7D000B9AB7 /* LaunchScreen.storyboard */,
				BD6F96621C900F7D000B9AB7 /* Info.plist */,
				BD6F96511C900F7D000B9AB7 /* Supporting Files */,
			);
			path = ScrollToSeeDetail;
			sourceTree = "<group>";
		};
		BD6F96511C900F7D000B9AB7 /* Supporting Files */ = {
			isa = PBXGroup;
			children = (
				BD6F96521C900F7D000B9AB7 /* main.m */,
			);
			name = "Supporting Files";
			sourceTree = "<group>";
		};
		BD6F966A1C900F7D000B9AB7 /* ScrollToSeeDetailTests */ = {
			isa = PBXGroup;
			children = (
				BD6F966B1C900F7D000B9AB7 /* ScrollToSeeDetailTests.m */,
				BD6F966D1C900F7D000B9AB7 /* Info.plist */,
			);
			path = ScrollToSeeDetailTests;
			sourceTree = "<group>";
		};
		BD6F96761C901029000B9AB7 /* 广告条 */ = {
			isa = PBXGroup;
			children = (
				BD6F96771C901029000B9AB7 /* banner1@2x.png */,
				BD6F96781C901029000B9AB7 /* banner2@2x.png */,
				BD6F96791C901029000B9AB7 /* banner3@2x.png */,
				BD6F967A1C901029000B9AB7 /* banner4@2x.png */,
				BD6F967B1C901029000B9AB7 /* banner5@2x.png */,
			);
			path = "广告条";
			sourceTree = "<group>";
		};
		BD6F96831C901BBE000B9AB7 /* DBSeeDetailScrollView */ = {
			isa = PBXGroup;
			children = (
				BD6F96B91C902EB4000B9AB7 /* db_see_detail_swipe_arrow@2x.png */,
				BD6F96841C901BF5000B9AB7 /* DBSeeDetailScrollView.h */,
				BD6F96851C901BF5000B9AB7 /* DBSeeDetailScrollView.m */,
			);
			path = DBSeeDetailScrollView;
			sourceTree = "<group>";
		};
		BD6F96871C90209B000B9AB7 /* SDWebImage */ = {
			isa = PBXGroup;
			children = (
				BD6F96881C90209B000B9AB7 /* MKAnnotationView+WebCache.h */,
				BD6F96891C90209B000B9AB7 /* MKAnnotationView+WebCache.m */,
				BD6F968A1C90209B000B9AB7 /* NSData+ImageContentType.h */,
				BD6F968B1C90209B000B9AB7 /* NSData+ImageContentType.m */,
				BD6F968C1C90209B000B9AB7 /* SDImageCache.h */,
				BD6F968D1C90209B000B9AB7 /* SDImageCache.m */,
				BD6F968E1C90209B000B9AB7 /* SDWebImageCompat.h */,
				BD6F968F1C90209B000B9AB7 /* SDWebImageCompat.m */,
				BD6F96901C90209B000B9AB7 /* SDWebImageDecoder.h */,
				BD6F96911C90209B000B9AB7 /* SDWebImageDecoder.m */,
				BD6F96921C90209B000B9AB7 /* SDWebImageDownloader.h */,
				BD6F96931C90209B000B9AB7 /* SDWebImageDownloader.m */,
				BD6F96941C90209B000B9AB7 /* SDWebImageDownloaderOperation.h */,
				BD6F96951C90209B000B9AB7 /* SDWebImageDownloaderOperation.m */,
				BD6F96961C90209B000B9AB7 /* SDWebImageManager.h */,
				BD6F96971C90209B000B9AB7 /* SDWebImageManager.m */,
				BD6F96981C90209B000B9AB7 /* SDWebImageOperation.h */,
				BD6F96991C90209B000B9AB7 /* SDWebImagePrefetcher.h */,
				BD6F969A1C90209B000B9AB7 /* SDWebImagePrefetcher.m */,
				BD6F969B1C90209B000B9AB7 /* UIButton+WebCache.h */,
				BD6F969C1C90209B000B9AB7 /* UIButton+WebCache.m */,
				BD6F969D1C90209B000B9AB7 /* UIImage+GIF.h */,
				BD6F969E1C90209B000B9AB7 /* UIImage+GIF.m */,
				BD6F969F1C90209B000B9AB7 /* UIImage+MultiFormat.h */,
				BD6F96A01C90209B000B9AB7 /* UIImage+MultiFormat.m */,
				BD6F96A11C90209B000B9AB7 /* UIImage+WebP.h */,
				BD6F96A21C90209B000B9AB7 /* UIImage+WebP.m */,
				BD6F96A31C90209B000B9AB7 /* UIImageView+HighlightedWebCache.h */,
				BD6F96A41C90209B000B9AB7 /* UIImageView+HighlightedWebCache.m */,
				BD6F96A51C90209B000B9AB7 /* UIImageView+WebCache.h */,
				BD6F96A61C90209B000B9AB7 /* UIImageView+WebCache.m */,
				BD6F96A71C90209B000B9AB7 /* UIView+WebCacheOperation.h */,
				BD6F96A81C90209B000B9AB7 /* UIView+WebCacheOperation.m */,
			);
			path = SDWebImage;
			sourceTree = "<group>";
		};
/* End PBXGroup section */

/* Begin PBXNativeTarget section */
		BD6F964D1C900F7D000B9AB7 /* ScrollToSeeDetail */ = {
			isa = PBXNativeTarget;
			buildConfigurationList = BD6F96701C900F7D000B9AB7 /* Build configuration list for PBXNativeTarget "ScrollToSeeDetail" */;
			buildPhases = (
				BD6F964A1C900F7D000B9AB7 /* Sources */,
				BD6F964B1C900F7D000B9AB7 /* Frameworks */,
				BD6F964C1C900F7D000B9AB7 /* Resources */,
			);
			buildRules = (
			);
			dependencies = (
			);
			name = ScrollToSeeDetail;
			productName = ScrollToSeeDetail;
			productReference = BD6F964E1C900F7D000B9AB7 /* ScrollToSeeDetail.app */;
			productType = "com.apple.product-type.application";
		};
		BD6F96661C900F7D000B9AB7 /* ScrollToSeeDetailTests */ = {
			isa = PBXNativeTarget;
			buildConfigurationList = BD6F96731C900F7D000B9AB7 /* Build configuration list for PBXNativeTarget "ScrollToSeeDetailTests" */;
			buildPhases = (
				BD6F96631C900F7D000B9AB7 /* Sources */,
				BD6F96641C900F7D000B9AB7 /* Frameworks */,
				BD6F96651C900F7D000B9AB7 /* Resources */,
			);
			buildRules = (
			);
			dependencies = (
				BD6F96691C900F7D000B9AB7 /* PBXTargetDependency */,
			);
			name = ScrollToSeeDetailTests;
			productName = ScrollToSeeDetailTests;
			productReference = BD6F96671C900F7D000B9AB7 /* ScrollToSeeDetailTests.xctest */;
			productType = "com.apple.product-type.bundle.unit-test";
		};
/* End PBXNativeTarget section */

/* Begin PBXProject section */
		BD6F96461C900F7D000B9AB7 /* Project object */ = {
			isa = PBXProject;
			attributes = {
				LastUpgradeCheck = 0720;
				ORGANIZATIONNAME = arons;
				TargetAttributes = {
					BD6F964D1C900F7D000B9AB7 = {
						CreatedOnToolsVersion = 7.2.1;
					};
					BD6F96661C900F7D000B9AB7 = {
						CreatedOnToolsVersion = 7.2.1;
						TestTargetID = BD6F964D1C900F7D000B9AB7;
					};
				};
			};
			buildConfigurationList = BD6F96491C900F7D000B9AB7 /* Build configuration list for PBXProject "ScrollToSeeDetail" */;
			compatibilityVersion = "Xcode 3.2";
			developmentRegion = English;
			hasScannedForEncodings = 0;
			knownRegions = (
				en,
				Base,
			);
			mainGroup = BD6F96451C900F7D000B9AB7;
			productRefGroup = BD6F964F1C900F7D000B9AB7 /* Products */;
			projectDirPath = "";
			projectRoot = "";
			targets = (
				BD6F964D1C900F7D000B9AB7 /* ScrollToSeeDetail */,
				BD6F96661C900F7D000B9AB7 /* ScrollToSeeDetailTests */,
			);
		};
/* End PBXProject section */

/* Begin PBXResourcesBuildPhase section */
		BD6F964C1C900F7D000B9AB7 /* Resources */ = {
			isa = PBXResourcesBuildPhase;
			buildActionMask = 2147483647;
			files = (
				BD6F967E1C901029000B9AB7 /* banner3@2x.png in Resources */,
				BD6F96BA1C902EB4000B9AB7 /* db_see_detail_swipe_arrow@2x.png in Resources */,
				BD6F96611C900F7D000B9AB7 /* LaunchScreen.storyboard in Resources */,
				BD6F965E1C900F7D000B9AB7 /* Assets.xcassets in Resources */,
				BD6F967D1C901029000B9AB7 /* banner2@2x.png in Resources */,
				BD6F967F1C901029000B9AB7 /* banner4@2x.png in Resources */,
				BD6F967C1C901029000B9AB7 /* banner1@2x.png in Resources */,
				BD6F96801C901029000B9AB7 /* banner5@2x.png in Resources */,
				BD6F965C1C900F7D000B9AB7 /* Main.storyboard in Resources */,
			);
			runOnlyForDeploymentPostprocessing = 0;
		};
		BD6F96651C900F7D000B9AB7 /* Resources */ = {
			isa = PBXResourcesBuildPhase;
			buildActionMask = 2147483647;
			files = (
			);
			runOnlyForDeploymentPostprocessing = 0;
		};
/* End PBXResourcesBuildPhase section */

/* Begin PBXSourcesBuildPhase section */
		BD6F964A1C900F7D000B9AB7 /* Sources */ = {
			isa = PBXSourcesBuildPhase;
			buildActionMask = 2147483647;
			files = (
				BD6F96B61C90209B000B9AB7 /* UIImageView+HighlightedWebCache.m in Sources */,
				BD6F96B41C90209B000B9AB7 /* UIImage+MultiFormat.m in Sources */,
				BD6F96AF1C90209B000B9AB7 /* SDWebImageDownloaderOperation.m in Sources */,
				BD6F96591C900F7D000B9AB7 /* ViewController.m in Sources */,
				BD6F96AC1C90209B000B9AB7 /* SDWebImageCompat.m in Sources */,
				BD6F96B31C90209B000B9AB7 /* UIImage+GIF.m in Sources */,
				BD6F96B11C90209B000B9AB7 /* SDWebImagePrefetcher.m in Sources */,
				BD6F96561C900F7D000B9AB7 /* AppDelegate.m in Sources */,
				BD6F96861C901BF5000B9AB7 /* DBSeeDetailScrollView.m in Sources */,
				BD6F96B51C90209B000B9AB7 /* UIImage+WebP.m in Sources */,
				BD6F96B71C90209B000B9AB7 /* UIImageView+WebCache.m in Sources */,
				BD6F96AE1C90209B000B9AB7 /* SDWebImageDownloader.m in Sources */,
				BD6F96B81C90209B000B9AB7 /* UIView+WebCacheOperation.m in Sources */,
				BD6F96B21C90209B000B9AB7 /* UIButton+WebCache.m in Sources */,
				BD6F96A91C90209B000B9AB7 /* MKAnnotationView+WebCache.m in Sources */,
				BD6F96AA1C90209B000B9AB7 /* NSData+ImageContentType.m in Sources */,
				BD6F96531C900F7D000B9AB7 /* main.m in Sources */,
				BD6F96B01C90209B000B9AB7 /* SDWebImageManager.m in Sources */,
				BD6F96AD1C90209B000B9AB7 /* SDWebImageDecoder.m in Sources */,
				BD6F96AB1C90209B000B9AB7 /* SDImageCache.m in Sources */,
			);
			runOnlyForDeploymentPostprocessing = 0;
		};
		BD6F96631C900F7D000B9AB7 /* Sources */ = {
			isa = PBXSourcesBuildPhase;
			buildActionMask = 2147483647;
			files = (
				BD6F966C1C900F7D000B9AB7 /* ScrollToSeeDetailTests.m in Sources */,
			);
			runOnlyForDeploymentPostprocessing = 0;
		};
/* End PBXSourcesBuildPhase section */

/* Begin PBXTargetDependency section */
		BD6F96691C900F7D000B9AB7 /* PBXTargetDependency */ = {
			isa = PBXTargetDependency;
			target = BD6F964D1C900F7D000B9AB7 /* ScrollToSeeDetail */;
			targetProxy = BD6F96681C900F7D000B9AB7 /* PBXContainerItemProxy */;
		};
/* End PBXTargetDependency section */

/* Begin PBXVariantGroup section */
		BD6F965A1C900F7D000B9AB7 /* Main.storyboard */ = {
			isa = PBXVariantGroup;
			children = (
				BD6F965B1C900F7D000B9AB7 /* Base */,
			);
			name = Main.storyboard;
			sourceTree = "<group>";
		};
		BD6F965F1C900F7D000B9AB7 /* LaunchScreen.storyboard */ = {
			isa = PBXVariantGroup;
			children = (
				BD6F96601C900F7D000B9AB7 /* Base */,
			);
			name = LaunchScreen.storyboard;
			sourceTree = "<group>";
		};
/* End PBXVariantGroup section */

/* Begin XCBuildConfiguration section */
		BD6F966E1C900F7D000B9AB7 /* Debug */ = {
			isa = XCBuildConfiguration;
			buildSettings = {
				ALWAYS_SEARCH_USER_PATHS = NO;
				CLANG_CXX_LANGUAGE_STANDARD = "gnu++0x";
				CLANG_CXX_LIBRARY = "libc++";
				CLANG_ENABLE_MODULES = YES;
				CLANG_ENABLE_OBJC_ARC = YES;
				CLANG_WARN_BOOL_CONVERSION = YES;
				CLANG_WARN_CONSTANT_CONVERSION = YES;
				CLANG_WARN_DIRECT_OBJC_ISA_USAGE = YES_ERROR;
				CLANG_WARN_EMPTY_BODY = YES;
				CLANG_WARN_ENUM_CONVERSION = YES;
				CLANG_WARN_INT_CONVERSION = YES;
				CLANG_WARN_OBJC_ROOT_CLASS = YES_ERROR;
				CLANG_WARN_UNREACHABLE_CODE = YES;
				CLANG_WARN__DUPLICATE_METHOD_MATCH = YES;
				"CODE_SIGN_IDENTITY[sdk=iphoneos*]" = "iPhone Developer";
				COPY_PHASE_STRIP = NO;
				DEBUG_INFORMATION_FORMAT = dwarf;
				ENABLE_STRICT_OBJC_MSGSEND = YES;
				ENABLE_TESTABILITY = YES;
				GCC_C_LANGUAGE_STANDARD = gnu99;
				GCC_DYNAMIC_NO_PIC = NO;
				GCC_NO_COMMON_BLOCKS = YES;
				GCC_OPTIMIZATION_LEVEL = 0;
				GCC_PREPROCESSOR_DEFINITIONS = (
					"DEBUG=1",
					"$(inherited)",
				);
				GCC_WARN_64_TO_32_BIT_CONVERSION = YES;
				GCC_WARN_ABOUT_RETURN_TYPE = YES_ERROR;
				GCC_WARN_UNDECLARED_SELECTOR = YES;
				GCC_WARN_UNINITIALIZED_AUTOS = YES_AGGRESSIVE;
				GCC_WARN_UNUSED_FUNCTION = YES;
				GCC_WARN_UNUSED_VARIABLE = YES;
				IPHONEOS_DEPLOYMENT_TARGET = 9.2;
				MTL_ENABLE_DEBUG_INFO = YES;
				ONLY_ACTIVE_ARCH = YES;
				SDKROOT = iphoneos;
				TARGETED_DEVICE_FAMILY = "1,2";
			};
			name = Debug;
		};
		BD6F966F1C900F7D000B9AB7 /* Release */ = {
			isa = XCBuildConfiguration;
			buildSettings = {
				ALWAYS_SEARCH_USER_PATHS = NO;
				CLANG_CXX_LANGUAGE_STANDARD = "gnu++0x";
				CLANG_CXX_LIBRARY = "libc++";
				CLANG_ENABLE_MODULES = YES;
				CLANG_ENABLE_OBJC_ARC = YES;
				CLANG_WARN_BOOL_CONVERSION = YES;
				CLANG_WARN_CONSTANT_CONVERSION = YES;
				CLANG_WARN_DIRECT_OBJC_ISA_USAGE = YES_ERROR;
				CLANG_WARN_EMPTY_BODY = YES;
				CLANG_WARN_ENUM_CONVERSION = YES;
				CLANG_WARN_INT_CONVERSION = YES;
				CLANG_WARN_OBJC_ROOT_CLASS = YES_ERROR;
				CLANG_WARN_UNREACHABLE_CODE = YES;
				CLANG_WARN__DUPLICATE_METHOD_MATCH = YES;
				"CODE_SIGN_IDENTITY[sdk=iphoneos*]" = "iPhone Developer";
				COPY_PHASE_STRIP = NO;
				DEBUG_INFORMATION_FORMAT = "dwarf-with-dsym";
				ENABLE_NS_ASSERTIONS = NO;
				ENABLE_STRICT_OBJC_MSGSEND = YES;
				GCC_C_LANGUAGE_STANDARD = gnu99;
				GCC_NO_COMMON_BLOCKS = YES;
				GCC_WARN_64_TO_32_BIT_CONVERSION = YES;
				GCC_WARN_ABOUT_RETURN_TYPE = YES_ERROR;
				GCC_WARN_UNDECLARED_SELECTOR = YES;
				GCC_WARN_UNINITIALIZED_AUTOS = YES_AGGRESSIVE;
				GCC_WARN_UNUSED_FUNCTION = YES;
				GCC_WARN_UNUSED_VARIABLE = YES;
				IPHONEOS_DEPLOYMENT_TARGET = 9.2;
				MTL_ENABLE_DEBUG_INFO = NO;
				SDKROOT = iphoneos;
				TARGETED_DEVICE_FAMILY = "1,2";
				VALIDATE_PRODUCT = YES;
			};
			name = Release;
		};
		BD6F96711C900F7D000B9AB7 /* Debug */ = {
			isa = XCBuildConfiguration;
			buildSettings = {
				ASSETCATALOG_COMPILER_APPICON_NAME = AppIcon;
				INFOPLIST_FILE = ScrollToSeeDetail/Info.plist;
				LD_RUNPATH_SEARCH_PATHS = "$(inherited) @executable_path/Frameworks";
				PRODUCT_BUNDLE_IDENTIFIER = com.aron.ScrollToSeeDetail;
				PRODUCT_NAME = "$(TARGET_NAME)";
			};
			name = Debug;
		};
		BD6F96721C900F7D000B9AB7 /* Release */ = {
			isa = XCBuildConfiguration;
			buildSettings = {
				ASSETCATALOG_COMPILER_APPICON_NAME = AppIcon;
				INFOPLIST_FILE = ScrollToSeeDetail/Info.plist;
				LD_RUNPATH_SEARCH_PATHS = "$(inherited) @executable_path/Frameworks";
				PRODUCT_BUNDLE_IDENTIFIER = com.aron.ScrollToSeeDetail;
				PRODUCT_NAME = "$(TARGET_NAME)";
			};
			name = Release;
		};
		BD6F96741C900F7D000B9AB7 /* Debug */ = {
			isa = XCBuildConfiguration;
			buildSettings = {
				BUNDLE_LOADER = "$(TEST_HOST)";
				INFOPLIST_FILE = ScrollToSeeDetailTests/Info.plist;
				LD_RUNPATH_SEARCH_PATHS = "$(inherited) @executable_path/Frameworks @loader_path/Frameworks";
				PRODUCT_BUNDLE_IDENTIFIER = com.aron.ScrollToSeeDetailTests;
				PRODUCT_NAME = "$(TARGET_NAME)";
				TEST_HOST = "$(BUILT_PRODUCTS_DIR)/ScrollToSeeDetail.app/ScrollToSeeDetail";
			};
			name = Debug;
		};
		BD6F96751C900F7D000B9AB7 /* Release */ = {
			isa = XCBuildConfiguration;
			buildSettings = {
				BUNDLE_LOADER = "$(TEST_HOST)";
				INFOPLIST_FILE = ScrollToSeeDetailTests/Info.plist;
				LD_RUNPATH_SEARCH_PATHS = "$(inherited) @executable_path/Frameworks @loader_path/Frameworks";
				PRODUCT_BUNDLE_IDENTIFIER = com.aron.ScrollToSeeDetailTests;
				PRODUCT_NAME = "$(TARGET_NAME)";
				TEST_HOST = "$(BUILT_PRODUCTS_DIR)/ScrollToSeeDetail.app/ScrollToSeeDetail";
			};
			name = Release;
		};
/* End XCBuildConfiguration section */

/* Begin XCConfigurationList section */
		BD6F96491C900F7D000B9AB7 /* Build configuration list for PBXProject "ScrollToSeeDetail" */ = {
			isa = XCConfigurationList;
			buildConfigurations = (
				BD6F966E1C900F7D000B9AB7 /* Debug */,
				BD6F966F1C900F7D000B9AB7 /* Release */,
			);
			defaultConfigurationIsVisible = 0;
			defaultConfigurationName = Release;
		};
		BD6F96701C900F7D000B9AB7 /* Build configuration list for PBXNativeTarget "ScrollToSeeDetail" */ = {
			isa = XCConfigurationList;
			buildConfigurations = (
				BD6F96711C900F7D000B9AB7 /* Debug */,
				BD6F96721C900F7D000B9AB7 /* Release */,
			);
			defaultConfigurationIsVisible = 0;
		};
		BD6F96731C900F7D000B9AB7 /* Build configuration list for PBXNativeTarget "ScrollToSeeDetailTests" */ = {
			isa = XCConfigurationList;
			buildConfigurations = (
				BD6F96741C900F7D000B9AB7 /* Debug */,
				BD6F96751C900F7D000B9AB7 /* Release */,
			);
			defaultConfigurationIsVisible = 0;
		};
/* End XCConfigurationList section */
	};
	rootObject = BD6F96461C900F7D000B9AB7 /* Project object */;
}
